{
  "nodes": {
    "nixpkgs": {
      "locked": {
        "lastModified": 0,
        "narHash": "sha256-l57y2CK9dTSChgb6Edg7kkXu5DA4rucVbNFoQHUBjmw=",
        "path": "/nix/store/krf6zlicwz8ssxd7vpqwrbkfgq0ia21c-source",
        "type": "path"
      },
      "original": {
        "id": "nixpkgs",
        "type": "indirect"
      }
    },
    "root": {
      "inputs": {
        "nixpkgs": "nixpkgs"
      }
    }
  },
  "root": "root",
  "version": 7
}
